PODS:
  - Alamofire (5.2.2)
  - SwiftKeychainWrapper (3.4.0)

DEPENDENCIES:
  - Alamofire
  - SwiftKeychainWrapper

SPEC REPOS:
  trunk:
    - Alamofire
    - SwiftKeychainWrapper

SPEC CHECKSUMS:
  Alamofire: 814429acc853c6c54ff123fc3d2ef66803823ce0
  SwiftKeychainWrapper: 6fc49fbf7d4a6b0772917acb0e53a1639f6078d6

PODFILE CHECKSUM: 930e8ad3ddbc864602de716e08b901ae379db91f

COCOAPODS: 1.9.3
